
Microsoft Visual Studio Solution File, Format Version 12.00
Project("{2150E333-8FDC-42A3-9474-1A3956D46DE8}") = "src", "src", "{AB679351-1786-4725-8127-7C1B6698FBB3}"
EndProject
Project("{FAE04EC0-301F-11D3-BF4B-00C04F79EFBC}") = "Blank.Presentation", "src\Blank.Presentation\Blank.Presentation.csproj", "{F91EA5A3-8B72-41DF-8837-9F52133C8077}"
EndProject
Project("{2150E333-8FDC-42A3-9474-1A3956D46DE8}") = "common", "common", "{393D2734-A2CB-4343-AAAA-AA13CB13A563}"
	ProjectSection(SolutionItems) = preProject
		.dockerignore = .dockerignore
		Dockerfile = Dockerfile
		.github\workflows\action.yml = .github\workflows\action.yml
		.gitignore = .gitignore
	EndProjectSection
EndProject
Global
	GlobalSection(SolutionConfigurationPlatforms) = preSolution
		Debug|Any CPU = Debug|Any CPU
		Release|Any CPU = Release|Any CPU
	EndGlobalSection
	GlobalSection(ProjectConfigurationPlatforms) = postSolution
		{F91EA5A3-8B72-41DF-8837-9F52133C8077}.Debug|Any CPU.ActiveCfg = Debug|Any CPU
		{F91EA5A3-8B72-41DF-8837-9F52133C8077}.Debug|Any CPU.Build.0 = Debug|Any CPU
		{F91EA5A3-8B72-41DF-8837-9F52133C8077}.Release|Any CPU.ActiveCfg = Release|Any CPU
		{F91EA5A3-8B72-41DF-8837-9F52133C8077}.Release|Any CPU.Build.0 = Release|Any CPU
	EndGlobalSection
	GlobalSection(NestedProjects) = preSolution
		{F91EA5A3-8B72-41DF-8837-9F52133C8077} = {AB679351-1786-4725-8127-7C1B6698FBB3}
	EndGlobalSection
EndGlobal
